
Microsoft Visual Studio Solution File, Format Version 12.00
# Visual Studio Version 17
VisualStudioVersion = 17.13.35825.156
MinimumVisualStudioVersion = 10.0.40219.1
Project("{FAE04EC0-301F-11D3-BF4B-00C04F79EFBC}") = "Presentacion", "Presentacion\Presentacion.csproj", "{DA453AE1-05C7-4ED0-82C4-4F815164CEA9}"
EndProject
Project("{FAE04EC0-301F-11D3-BF4B-00C04F79EFBC}") = "LogicaNegocio", "LogicaNegocio\LogicaNegocio.csproj", "{413D66AB-B6D8-461E-A929-D5EB158517A1}"
EndProject
Project("{FAE04EC0-301F-11D3-BF4B-00C04F79EFBC}") = "LogicaAccesoDatos", "LogicaAccesoDatos\LogicaAccesoDatos.csproj", "{468BFB67-6611-4969-91DC-099C277F78AB}"
EndProject
Project("{FAE04EC0-301F-11D3-BF4B-00C04F79EFBC}") = "LogicaAplicacion", "LogicaAplicacion\LogicaAplicacion.csproj", "{214E5B41-5C10-4E57-A144-E822857023ED}"
EndProject
Project("{FAE04EC0-301F-11D3-BF4B-00C04F79EFBC}") = "CasosUso", "CasosUso\CasosUso.csproj", "{C533CC38-781A-4785-955F-E243F0F7F3D9}"
EndProject
Project("{FAE04EC0-301F-11D3-BF4B-00C04F79EFBC}") = "ExcepcionesPropias", "ExcepcionesPropias\ExcepcionesPropias.csproj", "{42E5AC4C-0FF4-4032-BB7A-2A47E7C06B77}"
EndProject
Global
	GlobalSection(SolutionConfigurationPlatforms) = preSolution
		Debug|Any CPU = Debug|Any CPU
		Release|Any CPU = Release|Any CPU
	EndGlobalSection
	GlobalSection(ProjectConfigurationPlatforms) = postSolution
		{DA453AE1-05C7-4ED0-82C4-4F815164CEA9}.Debug|Any CPU.ActiveCfg = Debug|Any CPU
		{DA453AE1-05C7-4ED0-82C4-4F815164CEA9}.Debug|Any CPU.Build.0 = Debug|Any CPU
		{DA453AE1-05C7-4ED0-82C4-4F815164CEA9}.Release|Any CPU.ActiveCfg = Release|Any CPU
		{DA453AE1-05C7-4ED0-82C4-4F815164CEA9}.Release|Any CPU.Build.0 = Release|Any CPU
		{413D66AB-B6D8-461E-A929-D5EB158517A1}.Debug|Any CPU.ActiveCfg = Debug|Any CPU
		{413D66AB-B6D8-461E-A929-D5EB158517A1}.Debug|Any CPU.Build.0 = Debug|Any CPU
		{413D66AB-B6D8-461E-A929-D5EB158517A1}.Release|Any CPU.ActiveCfg = Release|Any CPU
		{413D66AB-B6D8-461E-A929-D5EB158517A1}.Release|Any CPU.Build.0 = Release|Any CPU
		{468BFB67-6611-4969-91DC-099C277F78AB}.Debug|Any CPU.ActiveCfg = Debug|Any CPU
		{468BFB67-6611-4969-91DC-099C277F78AB}.Debug|Any CPU.Build.0 = Debug|Any CPU
		{468BFB67-6611-4969-91DC-099C277F78AB}.Release|Any CPU.ActiveCfg = Release|Any CPU
		{468BFB67-6611-4969-91DC-099C277F78AB}.Release|Any CPU.Build.0 = Release|Any CPU
		{214E5B41-5C10-4E57-A144-E822857023ED}.Debug|Any CPU.ActiveCfg = Debug|Any CPU
		{214E5B41-5C10-4E57-A144-E822857023ED}.Debug|Any CPU.Build.0 = Debug|Any CPU
		{214E5B41-5C10-4E57-A144-E822857023ED}.Release|Any CPU.ActiveCfg = Release|Any CPU
		{214E5B41-5C10-4E57-A144-E822857023ED}.Release|Any CPU.Build.0 = Release|Any CPU
		{C533CC38-781A-4785-955F-E243F0F7F3D9}.Debug|Any CPU.ActiveCfg = Debug|Any CPU
		{C533CC38-781A-4785-955F-E243F0F7F3D9}.Debug|Any CPU.Build.0 = Debug|Any CPU
		{C533CC38-781A-4785-955F-E243F0F7F3D9}.Release|Any CPU.ActiveCfg = Release|Any CPU
		{C533CC38-781A-4785-955F-E243F0F7F3D9}.Release|Any CPU.Build.0 = Release|Any CPU
		{42E5AC4C-0FF4-4032-BB7A-2A47E7C06B77}.Debug|Any CPU.ActiveCfg = Debug|Any CPU
		{42E5AC4C-0FF4-4032-BB7A-2A47E7C06B77}.Debug|Any CPU.Build.0 = Debug|Any CPU
		{42E5AC4C-0FF4-4032-BB7A-2A47E7C06B77}.Release|Any CPU.ActiveCfg = Release|Any CPU
		{42E5AC4C-0FF4-4032-BB7A-2A47E7C06B77}.Release|Any CPU.Build.0 = Release|Any CPU
	EndGlobalSection
	GlobalSection(SolutionProperties) = preSolution
		HideSolutionNode = FALSE
	EndGlobalSection
	GlobalSection(ExtensibilityGlobals) = postSolution
		SolutionGuid = {7E7635CD-57E5-42CD-BB80-F121B395D1D9}
	EndGlobalSection
EndGlobal
